
Microsoft Visual Studio Solution File, Format Version 12.00
# Visual Studio Version 16
VisualStudioVersion = 16.0.29102.190
MinimumVisualStudioVersion = 10.0.40219.1
Project("{9A19103F-16F7-4668-BE54-9A1E7A4F7556}") = "CompanyEventManagement", "CompanyEventManagement.csproj", "{144209B6-B1CF-4995-81B1-ACC8DB92F940}"
EndProject
Project("{9A19103F-16F7-4668-BE54-9A1E7A4F7556}") = "Database", "..\Database\Database.csproj", "{FD16A8D0-963C-4BB3-B1CA-66B376BD5727}"
EndProject
Project("{FAE04EC0-301F-11D3-BF4B-00C04F79EFBC}") = "Schema", "..\Schema\Schema.csproj", "{0659385A-AE8E-444B-B8F0-A274FF909CF7}"
EndProject
Global
	GlobalSection(SolutionConfigurationPlatforms) = preSolution
		Debug|Any CPU = Debug|Any CPU
		Release|Any CPU = Release|Any CPU
	EndGlobalSection
	GlobalSection(ProjectConfigurationPlatforms) = postSolution
		{144209B6-B1CF-4995-81B1-ACC8DB92F940}.Debug|Any CPU.ActiveCfg = Debug|Any CPU
		{144209B6-B1CF-4995-81B1-ACC8DB92F940}.Debug|Any CPU.Build.0 = Debug|Any CPU
		{144209B6-B1CF-4995-81B1-ACC8DB92F940}.Release|Any CPU.ActiveCfg = Release|Any CPU
		{144209B6-B1CF-4995-81B1-ACC8DB92F940}.Release|Any CPU.Build.0 = Release|Any CPU
		{FD16A8D0-963C-4BB3-B1CA-66B376BD5727}.Debug|Any CPU.ActiveCfg = Debug|Any CPU
		{FD16A8D0-963C-4BB3-B1CA-66B376BD5727}.Debug|Any CPU.Build.0 = Debug|Any CPU
		{FD16A8D0-963C-4BB3-B1CA-66B376BD5727}.Release|Any CPU.ActiveCfg = Release|Any CPU
		{FD16A8D0-963C-4BB3-B1CA-66B376BD5727}.Release|Any CPU.Build.0 = Release|Any CPU
		{0659385A-AE8E-444B-B8F0-A274FF909CF7}.Debug|Any CPU.ActiveCfg = Debug|Any CPU
		{0659385A-AE8E-444B-B8F0-A274FF909CF7}.Debug|Any CPU.Build.0 = Debug|Any CPU
		{0659385A-AE8E-444B-B8F0-A274FF909CF7}.Release|Any CPU.ActiveCfg = Release|Any CPU
		{0659385A-AE8E-444B-B8F0-A274FF909CF7}.Release|Any CPU.Build.0 = Release|Any CPU
	EndGlobalSection
	GlobalSection(SolutionProperties) = preSolution
		HideSolutionNode = FALSE
	EndGlobalSection
	GlobalSection(ExtensibilityGlobals) = postSolution
		SolutionGuid = {689A8808-9920-43DC-B61E-F86CBC6BFB18}
	EndGlobalSection
EndGlobal
